{
    "_readme": [
        "This file locks the dependencies of your project to a known state",
        "Read more about it at https://getcomposer.org/doc/01-basic-usage.md#composer-lock-the-lock-file",
        "This file is @generated automatically"
    ],
    "hash": "741b59dbccfb4c1c847592cb1c2280e2",
    "content-hash": "31cde88132dab8d6d7b9f23ab6fca1d6",
    "packages": [
        {
            "name": "canteen/parser",
            "version": "1.0.4",
            "source": {
                "type": "git",
                "url": "https://github.com/Canteen/CanteenParser.git",
                "reference": "5d1acc2b721d6407bac77bbd518e9d8970a2fa80"
            },
            "dist": {
                "type": "zip",
                "url": "https://api.github.com/repos/Canteen/CanteenParser/zipball/5d1acc2b721d6407bac77bbd518e9d8970a2fa80",
                "reference": "5d1acc2b721d6407bac77bbd518e9d8970a2fa80",
                "shasum": ""
            },
            "require": {
                "php": ">=5.4.0"
            },
            "type": "library",
            "autoload": {
                "psr-4": {
                    "Canteen\\Parser\\": "src/"
                }
            },
            "notification-url": "https://packagist.org/downloads/",
            "license": [
                "MIT"
            ],
            "authors": [
                {
                    "name": "Matt Karl",
                    "email": "matt@mattkarl.com",
                    "homepage": "http://github.com/bigtimebuddy",
                    "role": "Developer"
                }
            ],
            "description": "Simple engine for rendering HTML templates.",
            "homepage": "http://github.com/Canteen/CanteenParser",
            "keywords": [
                "markup",
                "mvc",
                "templating",
                "view"
            ],
            "time": "2014-02-22 00:00:00"
        },
        {
            "name": "canteen/profiler",
            "version": "dev-master",
            "source": {
                "type": "git",
                "url": "https://github.com/Canteen/CanteenProfiler.git",
                "reference": "c8220e70ef8e65035086d2cf8edacabd6d006f7f"
            },
            "dist": {
                "type": "zip",
                "url": "https://api.github.com/repos/Canteen/CanteenProfiler/zipball/c8220e70ef8e65035086d2cf8edacabd6d006f7f",
                "reference": "c8220e70ef8e65035086d2cf8edacabd6d006f7f",
                "shasum": ""
            },
            "require": {
                "canteen/parser": "~1.0",
                "php": ">=5.4.0"
            },
            "type": "library",
            "autoload": {
                "psr-4": {
                    "Canteen\\Profiler\\": "src/"
                }
            },
            "notification-url": "https://packagist.org/downloads/",
            "license": [
                "MIT"
            ],
            "authors": [
                {
                    "name": "Matt Karl",
                    "email": "matt@mattkarl.com",
                    "homepage": "http://github.com/bigtimebuddy",
                    "role": "Developer"
                }
            ],
            "description": "Profiler for PHP to measure memory usage and performance.",
            "homepage": "http://github.com/Canteen/CateenProfiler",
            "keywords": [
                "memory",
                "performance",
                "profiler"
            ],
            "time": "2014-02-13 19:02:56"
        },
        {
            "name": "erusev/parsedown",
            "version": "1.6.0",
            "source": {
                "type": "git",
                "url": "https://github.com/erusev/parsedown.git",
                "reference": "3ebbd730b5c2cf5ce78bc1bf64071407fc6674b7"
            },
            "dist": {
                "type": "zip",
                "url": "https://api.github.com/repos/erusev/parsedown/zipball/3ebbd730b5c2cf5ce78bc1bf64071407fc6674b7",
                "reference": "3ebbd730b5c2cf5ce78bc1bf64071407fc6674b7",
                "shasum": ""
            },
            "type": "library",
            "autoload": {
                "psr-0": {
                    "Parsedown": ""
                }
            },
            "notification-url": "https://packagist.org/downloads/",
            "license": [
                "MIT"
            ],
            "authors": [
                {
                    "name": "Emanuil Rusev",
                    "email": "hello@erusev.com",
                    "homepage": "http://erusev.com"
                }
            ],
            "description": "Parser for Markdown.",
            "homepage": "http://parsedown.org",
            "keywords": [
                "markdown",
                "parser"
            ],
            "time": "2015-10-04 16:44:32"
        },
        {
            "name": "erusev/parsedown-extra",
            "version": "dev-master",
            "source": {
                "type": "git",
                "url": "https://github.com/erusev/parsedown-extra.git",
                "reference": "0db5cce7354e4b76f155d092ab5eb3981c21258c"
            },
            "dist": {
                "type": "zip",
                "url": "https://api.github.com/repos/erusev/parsedown-extra/zipball/0db5cce7354e4b76f155d092ab5eb3981c21258c",
                "reference": "0db5cce7354e4b76f155d092ab5eb3981c21258c",
                "shasum": ""
            },
            "require": {
                "erusev/parsedown": "~1.4"
            },
            "type": "library",
            "autoload": {
                "psr-0": {
                    "ParsedownExtra": ""
                }
            },
            "notification-url": "https://packagist.org/downloads/",
            "license": [
                "MIT"
            ],
            "authors": [
                {
                    "name": "Emanuil Rusev",
                    "email": "hello@erusev.com",
                    "homepage": "http://erusev.com"
                }
            ],
            "description": "An extension of Parsedown that adds support for Markdown Extra.",
            "homepage": "https://github.com/erusev/parsedown-extra",
            "keywords": [
                "markdown",
                "markdown extra",
                "parsedown",
                "parser"
            ],
            "time": "2015-11-01 10:19:22"
        },
        {
            "name": "thunderer/shortcode",
            "version": "v0.5.2",
            "source": {
                "type": "git",
                "url": "https://github.com/thunderer/Shortcode.git",
                "reference": "69b260050bf28c3307205d768d0a5434517fae03"
            },
            "dist": {
                "type": "zip",
                "url": "https://api.github.com/repos/thunderer/Shortcode/zipball/69b260050bf28c3307205d768d0a5434517fae03",
                "reference": "69b260050bf28c3307205d768d0a5434517fae03",
                "shasum": ""
            },
            "require": {
                "php": ">=5.3"
            },
            "require-dev": {
                "phpunit/phpunit": "~4.1"
            },
            "suggest": {
                "ext-dom": "if you want to use XML serializer",
                "ext-json": "if you want to use JSON serializer",
                "symfony/yaml": "if you want to use YAML serializer"
            },
            "type": "library",
            "autoload": {
                "psr-4": {
                    "Thunder\\Shortcode\\": "src/",
                    "Thunder\\Shortcode\\Tests\\": "tests/"
                }
            },
            "notification-url": "https://packagist.org/downloads/",
            "license": [
                "MIT"
            ],
            "authors": [
                {
                    "name": "Tomasz Kowalczyk",
                    "email": "tomasz@kowalczyk.cc"
                }
            ],
            "description": "Advanced shortcode (BBCode) parser and engine for PHP",
            "keywords": [
                "bbcode",
                "engine",
                "library",
                "parser",
                "shortcode"
            ],
            "time": "2016-01-20 17:26:19"
        }
    ],
    "packages-dev": [],
    "aliases": [],
    "minimum-stability": "stable",
    "stability-flags": {
        "canteen/profiler": 20,
        "erusev/parsedown-extra": 20
    },
    "prefer-stable": false,
    "prefer-lowest": false,
    "platform": [],
    "platform-dev": []
}
